
Microsoft Visual Studio Solution File, Format Version 12.00
# Visual Studio 15
VisualStudioVersion = 15.0.28307.329
MinimumVisualStudioVersion = 10.0.40219.1
Project("{FAE04EC0-301F-11D3-BF4B-00C04F79EFBC}") = "ReadQueryFromJsonFile", "ReadQueryFromJsonFile\ReadQueryFromJsonFile.csproj", "{A9BD7900-C632-4397-A273-8FDD9D6AD92C}"
EndProject
Global
	GlobalSection(SolutionConfigurationPlatforms) = preSolution
		Debug|Any CPU = Debug|Any CPU
		Release|Any CPU = Release|Any CPU
	EndGlobalSection
	GlobalSection(ProjectConfigurationPlatforms) = postSolution
		{A9BD7900-C632-4397-A273-8FDD9D6AD92C}.Debug|Any CPU.ActiveCfg = Debug|Any CPU
		{A9BD7900-C632-4397-A273-8FDD9D6AD92C}.Debug|Any CPU.Build.0 = Debug|Any CPU
		{A9BD7900-C632-4397-A273-8FDD9D6AD92C}.Release|Any CPU.ActiveCfg = Release|Any CPU
		{A9BD7900-C632-4397-A273-8FDD9D6AD92C}.Release|Any CPU.Build.0 = Release|Any CPU
	EndGlobalSection
	GlobalSection(SolutionProperties) = preSolution
		HideSolutionNode = FALSE
	EndGlobalSection
	GlobalSection(ExtensibilityGlobals) = postSolution
		SolutionGuid = {EDD905C8-1BEA-4911-9F58-5B7E71526F49}
	EndGlobalSection
EndGlobal
